
Microsoft Visual Studio Solution File, Format Version 12.00
# Visual Studio 14
VisualStudioVersion = 14.0.25420.1
MinimumVisualStudioVersion = 10.0.40219.1
Project("{FAE04EC0-301F-11D3-BF4B-00C04F79EFBC}") = "PixelFontDesigner", "PixelFontDesigner.csproj", "{DDCE6799-46AE-45AF-96CE-F67DFFCABDA6}"
EndProject
Project("{2150E333-8FDC-42A3-9474-1A3956D46DE8}") = "Support Assemblies", "Support Assemblies", "{28BA189D-71CC-4401-B09E-1064F6EBF715}"
EndProject
Project("{FAE04EC0-301F-11D3-BF4B-00C04F79EFBC}") = "UtilityLibrary", "..\..\Utility\UtilityLibrary\UtilityLibrary.csproj", "{FE6A1F22-9EFC-4718-9A09-5AF2639C3C11}"
EndProject
Project("{FAE04EC0-301F-11D3-BF4B-00C04F79EFBC}") = "WpfControlLibrary", "..\..\Utility\WpfControlLibrary\WpfControlLibrary.csproj", "{CF456AA0-283D-4A38-8A4E-14AB861DACED}"
EndProject
Global
	GlobalSection(SolutionConfigurationPlatforms) = preSolution
		Debug|Any CPU = Debug|Any CPU
		Release|Any CPU = Release|Any CPU
	EndGlobalSection
	GlobalSection(ProjectConfigurationPlatforms) = postSolution
		{DDCE6799-46AE-45AF-96CE-F67DFFCABDA6}.Debug|Any CPU.ActiveCfg = Debug|Any CPU
		{DDCE6799-46AE-45AF-96CE-F67DFFCABDA6}.Debug|Any CPU.Build.0 = Debug|Any CPU
		{DDCE6799-46AE-45AF-96CE-F67DFFCABDA6}.Release|Any CPU.ActiveCfg = Release|Any CPU
		{DDCE6799-46AE-45AF-96CE-F67DFFCABDA6}.Release|Any CPU.Build.0 = Release|Any CPU
		{FE6A1F22-9EFC-4718-9A09-5AF2639C3C11}.Debug|Any CPU.ActiveCfg = Debug|Any CPU
		{FE6A1F22-9EFC-4718-9A09-5AF2639C3C11}.Debug|Any CPU.Build.0 = Debug|Any CPU
		{FE6A1F22-9EFC-4718-9A09-5AF2639C3C11}.Release|Any CPU.ActiveCfg = Release|Any CPU
		{FE6A1F22-9EFC-4718-9A09-5AF2639C3C11}.Release|Any CPU.Build.0 = Release|Any CPU
		{CF456AA0-283D-4A38-8A4E-14AB861DACED}.Debug|Any CPU.ActiveCfg = Debug|Any CPU
		{CF456AA0-283D-4A38-8A4E-14AB861DACED}.Debug|Any CPU.Build.0 = Debug|Any CPU
		{CF456AA0-283D-4A38-8A4E-14AB861DACED}.Release|Any CPU.ActiveCfg = Release|Any CPU
		{CF456AA0-283D-4A38-8A4E-14AB861DACED}.Release|Any CPU.Build.0 = Release|Any CPU
	EndGlobalSection
	GlobalSection(SolutionProperties) = preSolution
		HideSolutionNode = FALSE
	EndGlobalSection
	GlobalSection(NestedProjects) = preSolution
		{FE6A1F22-9EFC-4718-9A09-5AF2639C3C11} = {28BA189D-71CC-4401-B09E-1064F6EBF715}
		{CF456AA0-283D-4A38-8A4E-14AB861DACED} = {28BA189D-71CC-4401-B09E-1064F6EBF715}
	EndGlobalSection
EndGlobal
